
Microsoft Visual Studio Solution File, Format Version 12.00
Project("{2150E333-8FDC-42A3-9474-1A3956D46DE8}") = "WebApi", "WebApi", "{7B30C256-37E6-4F2D-9130-67A425E64781}"
EndProject
Project("{FAE04EC0-301F-11D3-BF4B-00C04F79EFBC}") = "RiHackApi.WebApi", "RiHackApi.WebApi\RiHackApi.WebApi.csproj", "{56F5F3A7-D54B-47DD-8833-A8A1BEC5F31D}"
EndProject
Project("{2150E333-8FDC-42A3-9474-1A3956D46DE8}") = "Infrastructure", "Infrastructure", "{4BF9B7E8-7E78-4976-B34B-BC3C4FDF77FC}"
EndProject
Project("{2150E333-8FDC-42A3-9474-1A3956D46DE8}") = "Domain", "Domain", "{981C9BAE-0DF7-4918-8BB2-4535529A01CC}"
EndProject
Project("{FAE04EC0-301F-11D3-BF4B-00C04F79EFBC}") = "RiHackApi.Common", "RiHackApi.Common\RiHackApi.Common.csproj", "{501D3524-67B0-4617-870B-CA8ADA766F23}"
EndProject
Project("{FAE04EC0-301F-11D3-BF4B-00C04F79EFBC}") = "RiHackApi.Domain", "RiHackApi.Domain\RiHackApi.Domain.csproj", "{B8604E41-5121-43EB-924D-16B44A43BF65}"
EndProject
Project("{FAE04EC0-301F-11D3-BF4B-00C04F79EFBC}") = "RiHackApi.Business", "RiHackApi.Business\RiHackApi.Business.csproj", "{14A283B8-EA9B-4AD6-873B-C99A37C8B7D8}"
EndProject
Project("{FAE04EC0-301F-11D3-BF4B-00C04F79EFBC}") = "RiHackApi.Interfaces", "RiHackApi.Interfaces\RiHackApi.Interfaces.csproj", "{512CB67F-A71F-43C5-B27E-339EBFC9465F}"
EndProject
Project("{FAE04EC0-301F-11D3-BF4B-00C04F79EFBC}") = "RiHackApi.Persistence", "RiHackApi.Persistence\RiHackApi.Persistence.csproj", "{F6986236-2D39-423D-BA9C-0EB294DC64D2}"
EndProject
Project("{FAE04EC0-301F-11D3-BF4B-00C04F79EFBC}") = "RiHackApi.Router", "RiHackApi.Router\RiHackApi.Router.csproj", "{47A5C0DB-9711-4298-B0D8-82A82BAD3A22}"
EndProject
Project("{2150E333-8FDC-42A3-9474-1A3956D46DE8}") = "Core", "Core", "{08E58C3E-194A-41B6-BB71-02810B855234}"
EndProject
Project("{FAE04EC0-301F-11D3-BF4B-00C04F79EFBC}") = "RiHackApi.Identity", "RiHackApi.Identity\RiHackApi.Identity.csproj", "{C17DB9E6-46BC-4ED6-A4BE-D527FB36DBE9}"
EndProject
Project("{FAE04EC0-301F-11D3-BF4B-00C04F79EFBC}") = "RiHackApi.Shared", "RiHackApi.Shared\RiHackApi.Shared.csproj", "{F2501CE2-7150-409C-A537-AA4C00C8FF03}"
EndProject
Global
	GlobalSection(SolutionConfigurationPlatforms) = preSolution
		Debug|Any CPU = Debug|Any CPU
		Release|Any CPU = Release|Any CPU
	EndGlobalSection
	GlobalSection(ProjectConfigurationPlatforms) = postSolution
		{56F5F3A7-D54B-47DD-8833-A8A1BEC5F31D}.Debug|Any CPU.ActiveCfg = Debug|Any CPU
		{56F5F3A7-D54B-47DD-8833-A8A1BEC5F31D}.Debug|Any CPU.Build.0 = Debug|Any CPU
		{56F5F3A7-D54B-47DD-8833-A8A1BEC5F31D}.Release|Any CPU.ActiveCfg = Release|Any CPU
		{56F5F3A7-D54B-47DD-8833-A8A1BEC5F31D}.Release|Any CPU.Build.0 = Release|Any CPU
		{501D3524-67B0-4617-870B-CA8ADA766F23}.Debug|Any CPU.ActiveCfg = Debug|Any CPU
		{501D3524-67B0-4617-870B-CA8ADA766F23}.Debug|Any CPU.Build.0 = Debug|Any CPU
		{501D3524-67B0-4617-870B-CA8ADA766F23}.Release|Any CPU.ActiveCfg = Release|Any CPU
		{501D3524-67B0-4617-870B-CA8ADA766F23}.Release|Any CPU.Build.0 = Release|Any CPU
		{B8604E41-5121-43EB-924D-16B44A43BF65}.Debug|Any CPU.ActiveCfg = Debug|Any CPU
		{B8604E41-5121-43EB-924D-16B44A43BF65}.Debug|Any CPU.Build.0 = Debug|Any CPU
		{B8604E41-5121-43EB-924D-16B44A43BF65}.Release|Any CPU.ActiveCfg = Release|Any CPU
		{B8604E41-5121-43EB-924D-16B44A43BF65}.Release|Any CPU.Build.0 = Release|Any CPU
		{14A283B8-EA9B-4AD6-873B-C99A37C8B7D8}.Debug|Any CPU.ActiveCfg = Debug|Any CPU
		{14A283B8-EA9B-4AD6-873B-C99A37C8B7D8}.Debug|Any CPU.Build.0 = Debug|Any CPU
		{14A283B8-EA9B-4AD6-873B-C99A37C8B7D8}.Release|Any CPU.ActiveCfg = Release|Any CPU
		{14A283B8-EA9B-4AD6-873B-C99A37C8B7D8}.Release|Any CPU.Build.0 = Release|Any CPU
		{512CB67F-A71F-43C5-B27E-339EBFC9465F}.Debug|Any CPU.ActiveCfg = Debug|Any CPU
		{512CB67F-A71F-43C5-B27E-339EBFC9465F}.Debug|Any CPU.Build.0 = Debug|Any CPU
		{512CB67F-A71F-43C5-B27E-339EBFC9465F}.Release|Any CPU.ActiveCfg = Release|Any CPU
		{512CB67F-A71F-43C5-B27E-339EBFC9465F}.Release|Any CPU.Build.0 = Release|Any CPU
		{F6986236-2D39-423D-BA9C-0EB294DC64D2}.Debug|Any CPU.ActiveCfg = Debug|Any CPU
		{F6986236-2D39-423D-BA9C-0EB294DC64D2}.Debug|Any CPU.Build.0 = Debug|Any CPU
		{F6986236-2D39-423D-BA9C-0EB294DC64D2}.Release|Any CPU.ActiveCfg = Release|Any CPU
		{F6986236-2D39-423D-BA9C-0EB294DC64D2}.Release|Any CPU.Build.0 = Release|Any CPU
		{47A5C0DB-9711-4298-B0D8-82A82BAD3A22}.Debug|Any CPU.ActiveCfg = Debug|Any CPU
		{47A5C0DB-9711-4298-B0D8-82A82BAD3A22}.Debug|Any CPU.Build.0 = Debug|Any CPU
		{47A5C0DB-9711-4298-B0D8-82A82BAD3A22}.Release|Any CPU.ActiveCfg = Release|Any CPU
		{47A5C0DB-9711-4298-B0D8-82A82BAD3A22}.Release|Any CPU.Build.0 = Release|Any CPU
		{C17DB9E6-46BC-4ED6-A4BE-D527FB36DBE9}.Debug|Any CPU.ActiveCfg = Debug|Any CPU
		{C17DB9E6-46BC-4ED6-A4BE-D527FB36DBE9}.Debug|Any CPU.Build.0 = Debug|Any CPU
		{C17DB9E6-46BC-4ED6-A4BE-D527FB36DBE9}.Release|Any CPU.ActiveCfg = Release|Any CPU
		{C17DB9E6-46BC-4ED6-A4BE-D527FB36DBE9}.Release|Any CPU.Build.0 = Release|Any CPU
		{F2501CE2-7150-409C-A537-AA4C00C8FF03}.Debug|Any CPU.ActiveCfg = Debug|Any CPU
		{F2501CE2-7150-409C-A537-AA4C00C8FF03}.Debug|Any CPU.Build.0 = Debug|Any CPU
		{F2501CE2-7150-409C-A537-AA4C00C8FF03}.Release|Any CPU.ActiveCfg = Release|Any CPU
		{F2501CE2-7150-409C-A537-AA4C00C8FF03}.Release|Any CPU.Build.0 = Release|Any CPU
	EndGlobalSection
	GlobalSection(NestedProjects) = preSolution
		{56F5F3A7-D54B-47DD-8833-A8A1BEC5F31D} = {7B30C256-37E6-4F2D-9130-67A425E64781}
		{B8604E41-5121-43EB-924D-16B44A43BF65} = {981C9BAE-0DF7-4918-8BB2-4535529A01CC}
		{14A283B8-EA9B-4AD6-873B-C99A37C8B7D8} = {981C9BAE-0DF7-4918-8BB2-4535529A01CC}
		{512CB67F-A71F-43C5-B27E-339EBFC9465F} = {981C9BAE-0DF7-4918-8BB2-4535529A01CC}
		{F6986236-2D39-423D-BA9C-0EB294DC64D2} = {4BF9B7E8-7E78-4976-B34B-BC3C4FDF77FC}
		{47A5C0DB-9711-4298-B0D8-82A82BAD3A22} = {4BF9B7E8-7E78-4976-B34B-BC3C4FDF77FC}
		{501D3524-67B0-4617-870B-CA8ADA766F23} = {08E58C3E-194A-41B6-BB71-02810B855234}
		{C17DB9E6-46BC-4ED6-A4BE-D527FB36DBE9} = {4BF9B7E8-7E78-4976-B34B-BC3C4FDF77FC}
		{F2501CE2-7150-409C-A537-AA4C00C8FF03} = {4BF9B7E8-7E78-4976-B34B-BC3C4FDF77FC}
	EndGlobalSection
EndGlobal
